# THIS IS AN AUTOGENERATED FILE. DO NOT EDIT THIS FILE DIRECTLY.
# yarn lockfile v1


"@threlte/core@^5.0.9":
  version "5.0.9"
  resolved "https://registry.yarnpkg.com/@threlte/core/-/core-5.0.9.tgz#8e5fad0db13005ddfdd754aedf9362a4f8e13e77"
  integrity sha512-3u8SGLD/fzOh0sEf1MDa0FVpp7oLqdEUR8nvGEkWZvGDwKUlhe0XxSmXNzvAYwCSnNLsYYfwiAWy8wBrVkoRlg==

"@threlte/extras@^4.9.3":
  version "4.9.3"
  resolved "https://registry.yarnpkg.com/@threlte/extras/-/extras-4.9.3.tgz#63dc5217f5868eec5a7cf26d1e41cf8026d377f4"
  integrity sha512-1XVa9a3C+EQE9vMCZopZ2oZGncDlk/Claz+voFCTZvUqJl0xpPWBQTPNM6V61nXu8k5t+JKSGam3TWygBnfxug==
  dependencies:
    troika-three-text "^0.46.4"

bidi-js@^1.0.2:
  version "1.0.2"
  resolved "https://registry.yarnpkg.com/bidi-js/-/bidi-js-1.0.2.tgz#1a497a762c2ddea377429d2649c9ce0f8a91527f"
  integrity sha512-rzSy/k7WdX5zOyeHHCOixGXbCHkyogkxPKL2r8QtzHmVQDiWCXUWa18bLdMWT9CYMLOYTjWpTHawuev2ouYJVw==
  dependencies:
    require-from-string "^2.0.2"

require-from-string@^2.0.2:
  version "2.0.2"
  resolved "https://registry.yarnpkg.com/require-from-string/-/require-from-string-2.0.2.tgz#89a7fdd938261267318eafe14f9c32e598c36909"
  integrity sha512-Xf0nWe6RseziFMu+Ap9biiUbmplq6S9/p+7w7YXP/JBHhrUDDUhwa+vANyubuqfZWTveU//DYVGsDG7RKL/vEw==

three@^0.150.1:
  version "0.150.1"
  resolved "https://registry.yarnpkg.com/three/-/three-0.150.1.tgz#870d324a4d2daf1c7d55be97f3f73d83783e28be"
  integrity sha512-5C1MqKUWaHYo13BX0Q64qcdwImgnnjSOFgBscOzAo8MYCzEtqfQqorEKMcajnA3FHy1yVlIe9AmaMQ0OQracNA==

troika-three-text@^0.46.4:
  version "0.46.4"
  resolved "https://registry.yarnpkg.com/troika-three-text/-/troika-three-text-0.46.4.tgz#77627ac2ac4765d5248c857a8b42f82c25f2d034"
  integrity sha512-Qsv0HhUKTZgSmAJs5wvO7YlBoJSP9TGPLmrg+K9pbQq4lseQdcevbno/WI38bwJBZ/qS56hvfqEzY0zUEFzDIw==
  dependencies:
    bidi-js "^1.0.2"
    troika-three-utils "^0.46.0"
    troika-worker-utils "^0.46.0"
    webgl-sdf-generator "1.1.1"

troika-three-utils@^0.46.0:
  version "0.46.0"
  resolved "https://registry.yarnpkg.com/troika-three-utils/-/troika-three-utils-0.46.0.tgz#6d97a9bf08f2260285edf2bb0be6328dd3d50eec"
  integrity sha512-llHyrXAcwzr0bpg80GxsIp73N7FuImm4WCrKDJkAqcAsWmE5pfP9+Qzw+oMWK1P/AdHQ79eOrOl9NjyW4aOw0w==

troika-worker-utils@^0.46.0:
  version "0.46.0"
  resolved "https://registry.yarnpkg.com/troika-worker-utils/-/troika-worker-utils-0.46.0.tgz#1b698090af78b51a27e03881c90237a2e648d6c4"
  integrity sha512-bzOx5f2ZBxkFhXtIvDJlLn2AI3bzCkGVbCndl/2dL5QZrwHEKl45OEIilCxYQQWJG1rEbOD9O80tMjoYjw19OA==

webgl-sdf-generator@1.1.1:
  version "1.1.1"
  resolved "https://registry.yarnpkg.com/webgl-sdf-generator/-/webgl-sdf-generator-1.1.1.tgz#3e1b422b3d87cd3cc77f2602c9db63bc0f6accbd"
  integrity sha512-9Z0JcMTFxeE+b2x1LJTdnaT8rT8aEp7MVxkNwoycNmJWwPdzoXzMh0BjJSh/AEFP+KPYZUli814h8bJZFIZ2jA==
